# This file is automatically @generated by Cargo.
# It is not intended for manual editing.
version = 3

[[package]]
name = "latency-bench"
version = "0.1.0"

[[package]]
name = "renderd-abr"
version = "0.1.0"

[[package]]
name = "renderd-clock"
version = "0.1.0"

[[package]]
name = "renderd-config"
version = "0.1.0"

[[package]]
name = "renderd-crypto"
version = "0.1.0"

[[package]]
name = "renderd-discovery"
version = "0.1.0"

[[package]]
name = "renderd-frame"
version = "0.1.0"

[[package]]
name = "renderd-host"
version = "0.1.0"

[[package]]
name = "renderd-keychain"
version = "0.1.0"

[[package]]
name = "renderd-net"
version = "0.1.0"

[[package]]
name = "renderd-proto"
version = "0.1.0"

[[package]]
name = "renderd-sc-sys"
version = "0.1.0"

[[package]]
name = "renderd-viewer"
version = "0.1.0"

[[package]]
name = "renderd-vt-sys"
version = "0.1.0"
